
Microsoft Visual Studio Solution File, Format Version 12.00
# Visual Studio Version 17
VisualStudioVersion = 17.11.35219.272
MinimumVisualStudioVersion = 10.0.40219.1
Project("{9A19103F-16F7-4668-BE54-9A1E7A4F7556}") = "PontoCerto.Api", "PontoCerto.Api\PontoCerto.Api.csproj", "{2129F747-CE3E-49CD-BE98-A32CECB02AFB}"
EndProject
Project("{9A19103F-16F7-4668-BE54-9A1E7A4F7556}") = "PontoCerto.Application", "PontoCerto.Application\PontoCerto.Application.csproj", "{00FC7020-9B86-4128-8B08-929C0B6B9CCC}"
EndProject
Project("{9A19103F-16F7-4668-BE54-9A1E7A4F7556}") = "PontoCerto.Domain", "PontoCerto.Domain\PontoCerto.Domain.csproj", "{3FE1757B-A8AA-42BD-AA14-593B9663B7BA}"
EndProject
Project("{9A19103F-16F7-4668-BE54-9A1E7A4F7556}") = "PontoCerto.Infrastructure", "PontoCerto.Infrastructure\PontoCerto.Infrastructure.csproj", "{C020DFD5-D98E-422E-8988-F39ABDC6D4FF}"
EndProject
Global
	GlobalSection(SolutionConfigurationPlatforms) = preSolution
		Debug|Any CPU = Debug|Any CPU
		Release|Any CPU = Release|Any CPU
	EndGlobalSection
	GlobalSection(ProjectConfigurationPlatforms) = postSolution
		{2129F747-CE3E-49CD-BE98-A32CECB02AFB}.Debug|Any CPU.ActiveCfg = Debug|Any CPU
		{2129F747-CE3E-49CD-BE98-A32CECB02AFB}.Debug|Any CPU.Build.0 = Debug|Any CPU
		{2129F747-CE3E-49CD-BE98-A32CECB02AFB}.Release|Any CPU.ActiveCfg = Release|Any CPU
		{2129F747-CE3E-49CD-BE98-A32CECB02AFB}.Release|Any CPU.Build.0 = Release|Any CPU
		{00FC7020-9B86-4128-8B08-929C0B6B9CCC}.Debug|Any CPU.ActiveCfg = Debug|Any CPU
		{00FC7020-9B86-4128-8B08-929C0B6B9CCC}.Debug|Any CPU.Build.0 = Debug|Any CPU
		{00FC7020-9B86-4128-8B08-929C0B6B9CCC}.Release|Any CPU.ActiveCfg = Release|Any CPU
		{00FC7020-9B86-4128-8B08-929C0B6B9CCC}.Release|Any CPU.Build.0 = Release|Any CPU
		{3FE1757B-A8AA-42BD-AA14-593B9663B7BA}.Debug|Any CPU.ActiveCfg = Debug|Any CPU
		{3FE1757B-A8AA-42BD-AA14-593B9663B7BA}.Debug|Any CPU.Build.0 = Debug|Any CPU
		{3FE1757B-A8AA-42BD-AA14-593B9663B7BA}.Release|Any CPU.ActiveCfg = Release|Any CPU
		{3FE1757B-A8AA-42BD-AA14-593B9663B7BA}.Release|Any CPU.Build.0 = Release|Any CPU
		{C020DFD5-D98E-422E-8988-F39ABDC6D4FF}.Debug|Any CPU.ActiveCfg = Debug|Any CPU
		{C020DFD5-D98E-422E-8988-F39ABDC6D4FF}.Debug|Any CPU.Build.0 = Debug|Any CPU
		{C020DFD5-D98E-422E-8988-F39ABDC6D4FF}.Release|Any CPU.ActiveCfg = Release|Any CPU
		{C020DFD5-D98E-422E-8988-F39ABDC6D4FF}.Release|Any CPU.Build.0 = Release|Any CPU
	EndGlobalSection
	GlobalSection(SolutionProperties) = preSolution
		HideSolutionNode = FALSE
	EndGlobalSection
	GlobalSection(ExtensibilityGlobals) = postSolution
		SolutionGuid = {740390E0-0A14-467D-A7D3-C2F76F05CB25}
	EndGlobalSection
EndGlobal
